// !$*UTF8*$!
{
	archiveVersion = 1;
	classes = {
	};
	objectVersion = 77;
	objects = {

/* Begin PBXContainerItemProxy section */
		A3D8F6E62DBC1CAE002A995F /* PBXContainerItemProxy */ = {
			isa = PBXContainerItemProxy;
			containerPortal = A3D8F6D02DBC1CAB002A995F /* Project object */;
			proxyType = 1;
			remoteGlobalIDString = A3D8F6D72DBC1CAB002A995F;
			remoteInfo = SectionalRings;
		};
		A3D8F6F02DBC1CAE002A995F /* PBXContainerItemProxy */ = {
			isa = PBXContainerItemProxy;
			containerPortal = A3D8F6D02DBC1CAB002A995F /* Project object */;
			proxyType = 1;
			remoteGlobalIDString = A3D8F6D72DBC1CAB002A995F;
			remoteInfo = SectionalRings;
		};
/* End PBXContainerItemProxy section */

/* Begin PBXFileReference section */
		A3D8F6D82DBC1CAB002A995F /* SectionalRings.app */ = {isa = PBXFileReference; explicitFileType = wrapper.application; includeInIndex = 0; path = SectionalRings.app; sourceTree = BUILT_PRODUCTS_DIR; };
		A3D8F6E52DBC1CAE002A995F /* SectionalRingsTests.xctest */ = {isa = PBXFileReference; explicitFileType = wrapper.cfbundle; includeInIndex = 0; path = SectionalRingsTests.xctest; sourceTree = BUILT_PRODUCTS_DIR; };
		A3D8F6EF2DBC1CAE002A995F /* SectionalRingsUITests.xctest */ = {isa = PBXFileReference; explicitFileType = wrapper.cfbundle; includeInIndex = 0; path = SectionalRingsUITests.xctest; sourceTree = BUILT_PRODUCTS_DIR; };
/* End PBXFileReference section */

/* Begin PBXFileSystemSynchronizedRootGroup section */
		A3D8F6DA2DBC1CAB002A995F /* SectionalRings */ = {
			isa = PBXFileSystemSynchronizedRootGroup;
			path = SectionalRings;
			sourceTree = "<group>";
		};
		A3D8F6E82DBC1CAE002A995F /* SectionalRingsTests */ = {
			isa = PBXFileSystemSynchronizedRootGroup;
			path = SectionalRingsTests;
			sourceTree = "<group>";
		};
		A3D8F6F22DBC1CAE002A995F /* SectionalRingsUITests */ = {
			isa = PBXFileSystemSynchronizedRootGroup;
			path = SectionalRingsUITests;
			sourceTree = "<group>";
		};
/* End PBXFileSystemSynchronizedRootGroup section */

/* Begin PBXFrameworksBuildPhase section */
		A3D8F6D52DBC1CAB002A995F /* Frameworks */ = {
			isa = PBXFrameworksBuildPhase;
			buildActionMask = 2147483647;
			files = (
			);
			runOnlyForDeploymentPostprocessing = 0;
		};
		A3D8F6E22DBC1CAE002A995F /* Frameworks */ = {
			isa = PBXFrameworksBuildPhase;
			buildActionMask = 2147483647;
			files = (
			);
			runOnlyForDeploymentPostprocessing = 0;
		};
		A3D8F6EC2DBC1CAE002A995F /* Frameworks */ = {
			isa = PBXFrameworksBuildPhase;
			buildActionMask = 2147483647;
			files = (
			);
			runOnlyForDeploymentPostprocessing = 0;
		};
/* End PBXFrameworksBuildPhase section */

/* Begin PBXGroup section */
		A3D8F6CF2DBC1CAB002A995F = {
			isa = PBXGroup;
			children = (
				A3D8F6DA2DBC1CAB002A995F /* SectionalRings */,
				A3D8F6E82DBC1CAE002A995F /* SectionalRingsTests */,
				A3D8F6F22DBC1CAE002A995F /* SectionalRingsUITests */,
				A3D8F6D92DBC1CAB002A995F /* Products */,
			);
			sourceTree = "<group>";
		};
		A3D8F6D92DBC1CAB002A995F /* Products */ = {
			isa = PBXGroup;
			children = (
				A3D8F6D82DBC1CAB002A995F /* SectionalRings.app */,
				A3D8F6E52DBC1CAE002A995F /* SectionalRingsTests.xctest */,
				A3D8F6EF2DBC1CAE002A995F /* SectionalRingsUITests.xctest */,
			);
			name = Products;
			sourceTree = "<group>";
		};
/* End PBXGroup section */

/* Begin PBXNativeTarget section */
		A3D8F6D72DBC1CAB002A995F /* SectionalRings */ = {
			isa = PBXNativeTarget;
			buildConfigurationList = A3D8F6F92DBC1CAE002A995F /* Build configuration list for PBXNativeTarget "SectionalRings" */;
			buildPhases = (
				A3D8F6D42DBC1CAB002A995F /* Sources */,
				A3D8F6D52DBC1CAB002A995F /* Frameworks */,
				A3D8F6D62DBC1CAB002A995F /* Resources */,
			);
			buildRules = (
			);
			dependencies = (
			);
			fileSystemSynchronizedGroups = (
				A3D8F6DA2DBC1CAB002A995F /* SectionalRings */,
			);
			name = SectionalRings;
			packageProductDependencies = (
			);
			productName = SectionalRings;
			productReference = A3D8F6D82DBC1CAB002A995F /* SectionalRings.app */;
			productType = "com.apple.product-type.application";
		};
		A3D8F6E42DBC1CAE002A995F /* SectionalRingsTests */ = {
			isa = PBXNativeTarget;
			buildConfigurationList = A3D8F6FC2DBC1CAE002A995F /* Build configuration list for PBXNativeTarget "SectionalRingsTests" */;
			buildPhases = (
				A3D8F6E12DBC1CAE002A995F /* Sources */,
				A3D8F6E22DBC1CAE002A995F /* Frameworks */,
				A3D8F6E32DBC1CAE002A995F /* Resources */,
			);
			buildRules = (
			);
			dependencies = (
				A3D8F6E72DBC1CAE002A995F /* PBXTargetDependency */,
			);
			fileSystemSynchronizedGroups = (
				A3D8F6E82DBC1CAE002A995F /* SectionalRingsTests */,
			);
			name = SectionalRingsTests;
			packageProductDependencies = (
			);
			productName = SectionalRingsTests;
			productReference = A3D8F6E52DBC1CAE002A995F /* SectionalRingsTests.xctest */;
			productType = "com.apple.product-type.bundle.unit-test";
		};
		A3D8F6EE2DBC1CAE002A995F /* SectionalRingsUITests */ = {
			isa = PBXNativeTarget;
			buildConfigurationList = A3D8F6FF2DBC1CAE002A995F /* Build configuration list for PBXNativeTarget "SectionalRingsUITests" */;
			buildPhases = (
				A3D8F6EB2DBC1CAE002A995F /* Sources */,
				A3D8F6EC2DBC1CAE002A995F /* Frameworks */,
				A3D8F6ED2DBC1CAE002A995F /* Resources */,
			);
			buildRules = (
			);
			dependencies = (
				A3D8F6F12DBC1CAE002A995F /* PBXTargetDependency */,
			);
			fileSystemSynchronizedGroups = (
				A3D8F6F22DBC1CAE002A995F /* SectionalRingsUITests */,
			);
			name = SectionalRingsUITests;
			packageProductDependencies = (
			);
			productName = SectionalRingsUITests;
			productReference = A3D8F6EF2DBC1CAE002A995F /* SectionalRingsUITests.xctest */;
			productType = "com.apple.product-type.bundle.ui-testing";
		};
/* End PBXNativeTarget section */

/* Begin PBXProject section */
		A3D8F6D02DBC1CAB002A995F /* Project object */ = {
			isa = PBXProject;
			attributes = {
				BuildIndependentTargetsInParallel = 1;
				LastSwiftUpdateCheck = 1630;
				LastUpgradeCheck = 1630;
				TargetAttributes = {
					A3D8F6D72DBC1CAB002A995F = {
						CreatedOnToolsVersion = 16.3;
					};
					A3D8F6E42DBC1CAE002A995F = {
						CreatedOnToolsVersion = 16.3;
						TestTargetID = A3D8F6D72DBC1CAB002A995F;
					};
					A3D8F6EE2DBC1CAE002A995F = {
						CreatedOnToolsVersion = 16.3;
						TestTargetID = A3D8F6D72DBC1CAB002A995F;
					};
				};
			};
			buildConfigurationList = A3D8F6D32DBC1CAB002A995F /* Build configuration list for PBXProject "SectionalRings" */;
			developmentRegion = en;
			hasScannedForEncodings = 0;
			knownRegions = (
				en,
				Base,
			);
			mainGroup = A3D8F6CF2DBC1CAB002A995F;
			minimizedProjectReferenceProxies = 1;
			preferredProjectObjectVersion = 77;
			productRefGroup = A3D8F6D92DBC1CAB002A995F /* Products */;
			projectDirPath = "";
			projectRoot = "";
			targets = (
				A3D8F6D72DBC1CAB002A995F /* SectionalRings */,
				A3D8F6E42DBC1CAE002A995F /* SectionalRingsTests */,
				A3D8F6EE2DBC1CAE002A995F /* SectionalRingsUITests */,
			);
		};
/* End PBXProject section */

/* Begin PBXResourcesBuildPhase section */
		A3D8F6D62DBC1CAB002A995F /* Resources */ = {
			isa = PBXResourcesBuildPhase;
			buildActionMask = 2147483647;
			files = (
			);
			runOnlyForDeploymentPostprocessing = 0;
		};
		A3D8F6E32DBC1CAE002A995F /* Resources */ = {
			isa = PBXResourcesBuildPhase;
			buildActionMask = 2147483647;
			files = (
			);
			runOnlyForDeploymentPostprocessing = 0;
		};
		A3D8F6ED2DBC1CAE002A995F /* Resources */ = {
			isa = PBXResourcesBuildPhase;
			buildActionMask = 2147483647;
			files = (
			);
			runOnlyForDeploymentPostprocessing = 0;
		};
/* End PBXResourcesBuildPhase section */

/* Begin PBXSourcesBuildPhase section */
		A3D8F6D42DBC1CAB002A995F /* Sources */ = {
			isa = PBXSourcesBuildPhase;
			buildActionMask = 2147483647;
			files = (
			);
			runOnlyForDeploymentPostprocessing = 0;
		};
		A3D8F6E12DBC1CAE002A995F /* Sources */ = {
			isa = PBXSourcesBuildPhase;
			buildActionMask = 2147483647;
			files = (
			);
			runOnlyForDeploymentPostprocessing = 0;
		};
		A3D8F6EB2DBC1CAE002A995F /* Sources */ = {
			isa = PBXSourcesBuildPhase;
			buildActionMask = 2147483647;
			files = (
			);
			runOnlyForDeploymentPostprocessing = 0;
		};
/* End PBXSourcesBuildPhase section */

/* Begin PBXTargetDependency section */
		A3D8F6E72DBC1CAE002A995F /* PBXTargetDependency */ = {
			isa = PBXTargetDependency;
			target = A3D8F6D72DBC1CAB002A995F /* SectionalRings */;
			targetProxy = A3D8F6E62DBC1CAE002A995F /* PBXContainerItemProxy */;
		};
		A3D8F6F12DBC1CAE002A995F /* PBXTargetDependency */ = {
			isa = PBXTargetDependency;
			target = A3D8F6D72DBC1CAB002A995F /* SectionalRings */;
			targetProxy = A3D8F6F02DBC1CAE002A995F /* PBXContainerItemProxy */;
		};
/* End PBXTargetDependency section */

/* Begin XCBuildConfiguration section */
		A3D8F6F72DBC1CAE002A995F /* Debug */ = {
			isa = XCBuildConfiguration;
			buildSettings = {
				ALWAYS_SEARCH_USER_PATHS = NO;
				ASSETCATALOG_COMPILER_GENERATE_SWIFT_ASSET_SYMBOL_EXTENSIONS = YES;
				CLANG_ANALYZER_NONNULL = YES;
				CLANG_ANALYZER_NUMBER_OBJECT_CONVERSION = YES_AGGRESSIVE;
				CLANG_CXX_LANGUAGE_STANDARD = "gnu++20";
				CLANG_ENABLE_MODULES = YES;
				CLANG_ENABLE_OBJC_ARC = YES;
				CLANG_ENABLE_OBJC_WEAK = YES;
				CLANG_WARN_BLOCK_CAPTURE_AUTORELEASING = YES;
				CLANG_WARN_BOOL_CONVERSION = YES;
				CLANG_WARN_COMMA = YES;
				CLANG_WARN_CONSTANT_CONVERSION = YES;
				CLANG_WARN_DEPRECATED_OBJC_IMPLEMENTATIONS = YES;
				CLANG_WARN_DIRECT_OBJC_ISA_USAGE = YES_ERROR;
				CLANG_WARN_DOCUMENTATION_COMMENTS = YES;
				CLANG_WARN_EMPTY_BODY = YES;
				CLANG_WARN_ENUM_CONVERSION = YES;
				CLANG_WARN_INFINITE_RECURSION = YES;
				CLANG_WARN_INT_CONVERSION = YES;
				CLANG_WARN_NON_LITERAL_NULL_CONVERSION = YES;
				CLANG_WARN_OBJC_IMPLICIT_RETAIN_SELF = YES;
				CLANG_WARN_OBJC_LITERAL_CONVERSION = YES;
				CLANG_WARN_OBJC_ROOT_CLASS = YES_ERROR;
				CLANG_WARN_QUOTED_INCLUDE_IN_FRAMEWORK_HEADER = YES;
				CLANG_WARN_RANGE_LOOP_ANALYSIS = YES;
				CLANG_WARN_STRICT_PROTOTYPES = YES;
				CLANG_WARN_SUSPICIOUS_MOVE = YES;
				CLANG_WARN_UNGUARDED_AVAILABILITY = YES_AGGRESSIVE;
				CLANG_WARN_UNREACHABLE_CODE = YES;
				CLANG_WARN__DUPLICATE_METHOD_MATCH = YES;
				COPY_PHASE_STRIP = NO;
				DEBUG_INFORMATION_FORMAT = dwarf;
				ENABLE_STRICT_OBJC_MSGSEND = YES;
				ENABLE_TESTABILITY = YES;
				ENABLE_USER_SCRIPT_SANDBOXING = YES;
				GCC_C_LANGUAGE_STANDARD = gnu17;
				GCC_DYNAMIC_NO_PIC = NO;
				GCC_NO_COMMON_BLOCKS = YES;
				GCC_OPTIMIZATION_LEVEL = 0;
				GCC_PREPROCESSOR_DEFINITIONS = (
					"DEBUG=1",
					"$(inherited)",
				);
				GCC_WARN_64_TO_32_BIT_CONVERSION = YES;
				GCC_WARN_ABOUT_RETURN_TYPE = YES_ERROR;
				GCC_WARN_UNDECLARED_SELECTOR = YES;
				GCC_WARN_UNINITIALIZED_AUTOS = YES_AGGRESSIVE;
				GCC_WARN_UNUSED_FUNCTION = YES;
				GCC_WARN_UNUSED_VARIABLE = YES;
				IPHONEOS_DEPLOYMENT_TARGET = 18.4;
				LOCALIZATION_PREFERS_STRING_CATALOGS = YES;
				MTL_ENABLE_DEBUG_INFO = INCLUDE_SOURCE;
				MTL_FAST_MATH = YES;
				ONLY_ACTIVE_ARCH = YES;
				SDKROOT = iphoneos;
				SWIFT_ACTIVE_COMPILATION_CONDITIONS = "DEBUG $(inherited)";
				SWIFT_OPTIMIZATION_LEVEL = "-Onone";
			};
			name = Debug;
		};
		A3D8F6F82DBC1CAE002A995F /* Release */ = {
			isa = XCBuildConfiguration;
			buildSettings = {
				ALWAYS_SEARCH_USER_PATHS = NO;
				ASSETCATALOG_COMPILER_GENERATE_SWIFT_ASSET_SYMBOL_EXTENSIONS = YES;
				CLANG_ANALYZER_NONNULL = YES;
				CLANG_ANALYZER_NUMBER_OBJECT_CONVERSION = YES_AGGRESSIVE;
				CLANG_CXX_LANGUAGE_STANDARD = "gnu++20";
				CLANG_ENABLE_MODULES = YES;
				CLANG_ENABLE_OBJC_ARC = YES;
				CLANG_ENABLE_OBJC_WEAK = YES;
				CLANG_WARN_BLOCK_CAPTURE_AUTORELEASING = YES;
				CLANG_WARN_BOOL_CONVERSION = YES;
				CLANG_WARN_COMMA = YES;
				CLANG_WARN_CONSTANT_CONVERSION = YES;
				CLANG_WARN_DEPRECATED_OBJC_IMPLEMENTATIONS = YES;
				CLANG_WARN_DIRECT_OBJC_ISA_USAGE = YES_ERROR;
				CLANG_WARN_DOCUMENTATION_COMMENTS = YES;
				CLANG_WARN_EMPTY_BODY = YES;
				CLANG_WARN_ENUM_CONVERSION = YES;
				CLANG_WARN_INFINITE_RECURSION = YES;
				CLANG_WARN_INT_CONVERSION = YES;
				CLANG_WARN_NON_LITERAL_NULL_CONVERSION = YES;
				CLANG_WARN_OBJC_IMPLICIT_RETAIN_SELF = YES;
				CLANG_WARN_OBJC_LITERAL_CONVERSION = YES;
				CLANG_WARN_OBJC_ROOT_CLASS = YES_ERROR;
				CLANG_WARN_QUOTED_INCLUDE_IN_FRAMEWORK_HEADER = YES;
				CLANG_WARN_RANGE_LOOP_ANALYSIS = YES;
				CLANG_WARN_STRICT_PROTOTYPES = YES;
				CLANG_WARN_SUSPICIOUS_MOVE = YES;
				CLANG_WARN_UNGUARDED_AVAILABILITY = YES_AGGRESSIVE;
				CLANG_WARN_UNREACHABLE_CODE = YES;
				CLANG_WARN__DUPLICATE_METHOD_MATCH = YES;
				COPY_PHASE_STRIP = NO;
				DEBUG_INFORMATION_FORMAT = "dwarf-with-dsym";
				ENABLE_NS_ASSERTIONS = NO;
				ENABLE_STRICT_OBJC_MSGSEND = YES;
				ENABLE_USER_SCRIPT_SANDBOXING = YES;
				GCC_C_LANGUAGE_STANDARD = gnu17;
				GCC_NO_COMMON_BLOCKS = YES;
				GCC_WARN_64_TO_32_BIT_CONVERSION = YES;
				GCC_WARN_ABOUT_RETURN_TYPE = YES_ERROR;
				GCC_WARN_UNDECLARED_SELECTOR = YES;
				GCC_WARN_UNINITIALIZED_AUTOS = YES_AGGRESSIVE;
				GCC_WARN_UNUSED_FUNCTION = YES;
				GCC_WARN_UNUSED_VARIABLE = YES;
				IPHONEOS_DEPLOYMENT_TARGET = 18.4;
				LOCALIZATION_PREFERS_STRING_CATALOGS = YES;
				MTL_ENABLE_DEBUG_INFO = NO;
				MTL_FAST_MATH = YES;
				SDKROOT = iphoneos;
				SWIFT_COMPILATION_MODE = wholemodule;
				VALIDATE_PRODUCT = YES;
			};
			name = Release;
		};
		A3D8F6FA2DBC1CAE002A995F /* Debug */ = {
			isa = XCBuildConfiguration;
			buildSettings = {
				ASSETCATALOG_COMPILER_APPICON_NAME = AppIcon;
				ASSETCATALOG_COMPILER_GLOBAL_ACCENT_COLOR_NAME = AccentColor;
				CODE_SIGN_STYLE = Automatic;
				CURRENT_PROJECT_VERSION = 1;
				DEVELOPMENT_TEAM = S469ZB7P8Q;
				ENABLE_PREVIEWS = YES;
				GENERATE_INFOPLIST_FILE = YES;
				INFOPLIST_KEY_UIApplicationSceneManifest_Generation = YES;
				INFOPLIST_KEY_UIApplicationSupportsIndirectInputEvents = YES;
				INFOPLIST_KEY_UILaunchScreen_Generation = YES;
				INFOPLIST_KEY_UISupportedInterfaceOrientations_iPad = "UIInterfaceOrientationPortrait UIInterfaceOrientationPortraitUpsideDown UIInterfaceOrientationLandscapeLeft UIInterfaceOrientationLandscapeRight";
				INFOPLIST_KEY_UISupportedInterfaceOrientations_iPhone = "UIInterfaceOrientationPortrait UIInterfaceOrientationLandscapeLeft UIInterfaceOrientationLandscapeRight";
				LD_RUNPATH_SEARCH_PATHS = (
					"$(inherited)",
					"@executable_path/Frameworks",
				);
				MARKETING_VERSION = 1.0;
				PRODUCT_BUNDLE_IDENTIFIER = com.cjd9.SectionalRings;
				PRODUCT_NAME = "$(TARGET_NAME)";
				SWIFT_EMIT_LOC_STRINGS = YES;
				SWIFT_VERSION = 5.0;
				TARGETED_DEVICE_FAMILY = "1,2";
			};
			name = Debug;
		};
		A3D8F6FB2DBC1CAE002A995F /* Release */ = {
			isa = XCBuildConfiguration;
			buildSettings = {
				ASSETCATALOG_COMPILER_APPICON_NAME = AppIcon;
				ASSETCATALOG_COMPILER_GLOBAL_ACCENT_COLOR_NAME = AccentColor;
				CODE_SIGN_STYLE = Automatic;
				CURRENT_PROJECT_VERSION = 1;
				DEVELOPMENT_TEAM = S469ZB7P8Q;
				ENABLE_PREVIEWS = YES;
				GENERATE_INFOPLIST_FILE = YES;
				INFOPLIST_KEY_UIApplicationSceneManifest_Generation = YES;
				INFOPLIST_KEY_UIApplicationSupportsIndirectInputEvents = YES;
				INFOPLIST_KEY_UILaunchScreen_Generation = YES;
				INFOPLIST_KEY_UISupportedInterfaceOrientations_iPad = "UIInterfaceOrientationPortrait UIInterfaceOrientationPortraitUpsideDown UIInterfaceOrientationLandscapeLeft UIInterfaceOrientationLandscapeRight";
				INFOPLIST_KEY_UISupportedInterfaceOrientations_iPhone = "UIInterfaceOrientationPortrait UIInterfaceOrientationLandscapeLeft UIInterfaceOrientationLandscapeRight";
				LD_RUNPATH_SEARCH_PATHS = (
					"$(inherited)",
					"@executable_path/Frameworks",
				);
				MARKETING_VERSION = 1.0;
				PRODUCT_BUNDLE_IDENTIFIER = com.cjd9.SectionalRings;
				PRODUCT_NAME = "$(TARGET_NAME)";
				SWIFT_EMIT_LOC_STRINGS = YES;
				SWIFT_VERSION = 5.0;
				TARGETED_DEVICE_FAMILY = "1,2";
			};
			name = Release;
		};
		A3D8F6FD2DBC1CAE002A995F /* Debug */ = {
			isa = XCBuildConfiguration;
			buildSettings = {
				BUNDLE_LOADER = "$(TEST_HOST)";
				CODE_SIGN_STYLE = Automatic;
				CURRENT_PROJECT_VERSION = 1;
				GENERATE_INFOPLIST_FILE = YES;
				IPHONEOS_DEPLOYMENT_TARGET = 18.4;
				MARKETING_VERSION = 1.0;
				PRODUCT_BUNDLE_IDENTIFIER = "LSD-Inc..SectionalRingsTests";
				PRODUCT_NAME = "$(TARGET_NAME)";
				SWIFT_EMIT_LOC_STRINGS = NO;
				SWIFT_VERSION = 5.0;
				TARGETED_DEVICE_FAMILY = "1,2";
				TEST_HOST = "$(BUILT_PRODUCTS_DIR)/SectionalRings.app/$(BUNDLE_EXECUTABLE_FOLDER_PATH)/SectionalRings";
			};
			name = Debug;
		};
		A3D8F6FE2DBC1CAE002A995F /* Release */ = {
			isa = XCBuildConfiguration;
			buildSettings = {
				BUNDLE_LOADER = "$(TEST_HOST)";
				CODE_SIGN_STYLE = Automatic;
				CURRENT_PROJECT_VERSION = 1;
				GENERATE_INFOPLIST_FILE = YES;
				IPHONEOS_DEPLOYMENT_TARGET = 18.4;
				MARKETING_VERSION = 1.0;
				PRODUCT_BUNDLE_IDENTIFIER = "LSD-Inc..SectionalRingsTests";
				PRODUCT_NAME = "$(TARGET_NAME)";
				SWIFT_EMIT_LOC_STRINGS = NO;
				SWIFT_VERSION = 5.0;
				TARGETED_DEVICE_FAMILY = "1,2";
				TEST_HOST = "$(BUILT_PRODUCTS_DIR)/SectionalRings.app/$(BUNDLE_EXECUTABLE_FOLDER_PATH)/SectionalRings";
			};
			name = Release;
		};
		A3D8F7002DBC1CAE002A995F /* Debug */ = {
			isa = XCBuildConfiguration;
			buildSettings = {
				CODE_SIGN_STYLE = Automatic;
				CURRENT_PROJECT_VERSION = 1;
				GENERATE_INFOPLIST_FILE = YES;
				MARKETING_VERSION = 1.0;
				PRODUCT_BUNDLE_IDENTIFIER = "LSD-Inc..SectionalRingsUITests";
				PRODUCT_NAME = "$(TARGET_NAME)";
				SWIFT_EMIT_LOC_STRINGS = NO;
				SWIFT_VERSION = 5.0;
				TARGETED_DEVICE_FAMILY = "1,2";
				TEST_TARGET_NAME = SectionalRings;
			};
			name = Debug;
		};
		A3D8F7012DBC1CAE002A995F /* Release */ = {
			isa = XCBuildConfiguration;
			buildSettings = {
				CODE_SIGN_STYLE = Automatic;
				CURRENT_PROJECT_VERSION = 1;
				GENERATE_INFOPLIST_FILE = YES;
				MARKETING_VERSION = 1.0;
				PRODUCT_BUNDLE_IDENTIFIER = "LSD-Inc..SectionalRingsUITests";
				PRODUCT_NAME = "$(TARGET_NAME)";
				SWIFT_EMIT_LOC_STRINGS = NO;
				SWIFT_VERSION = 5.0;
				TARGETED_DEVICE_FAMILY = "1,2";
				TEST_TARGET_NAME = SectionalRings;
			};
			name = Release;
		};
/* End XCBuildConfiguration section */

/* Begin XCConfigurationList section */
		A3D8F6D32DBC1CAB002A995F /* Build configuration list for PBXProject "SectionalRings" */ = {
			isa = XCConfigurationList;
			buildConfigurations = (
				A3D8F6F72DBC1CAE002A995F /* Debug */,
				A3D8F6F82DBC1CAE002A995F /* Release */,
			);
			defaultConfigurationIsVisible = 0;
			defaultConfigurationName = Release;
		};
		A3D8F6F92DBC1CAE002A995F /* Build configuration list for PBXNativeTarget "SectionalRings" */ = {
			isa = XCConfigurationList;
			buildConfigurations = (
				A3D8F6FA2DBC1CAE002A995F /* Debug */,
				A3D8F6FB2DBC1CAE002A995F /* Release */,
			);
			defaultConfigurationIsVisible = 0;
			defaultConfigurationName = Release;
		};
		A3D8F6FC2DBC1CAE002A995F /* Build configuration list for PBXNativeTarget "SectionalRingsTests" */ = {
			isa = XCConfigurationList;
			buildConfigurations = (
				A3D8F6FD2DBC1CAE002A995F /* Debug */,
				A3D8F6FE2DBC1CAE002A995F /* Release */,
			);
			defaultConfigurationIsVisible = 0;
			defaultConfigurationName = Release;
		};
		A3D8F6FF2DBC1CAE002A995F /* Build configuration list for PBXNativeTarget "SectionalRingsUITests" */ = {
			isa = XCConfigurationList;
			buildConfigurations = (
				A3D8F7002DBC1CAE002A995F /* Debug */,
				A3D8F7012DBC1CAE002A995F /* Release */,
			);
			defaultConfigurationIsVisible = 0;
			defaultConfigurationName = Release;
		};
/* End XCConfigurationList section */
	};
	rootObject = A3D8F6D02DBC1CAB002A995F /* Project object */;
}
